{
  "name": "teste_log_inspect",
  "version": "1.0.0",
  "lockfileVersion": 1,
  "requires": true,
  "dependencies": {
    "safe-log-reader": {
      "version": "1.0.8",
      "resolved": "https://registry.npmjs.org/safe-log-reader/-/safe-log-reader-1.0.8.tgz",
      "integrity": "sha1-13rhWYRT6lVoQu/jNOI7kZKwSOU="
    }
  }
}
